
Microsoft Visual Studio Solution File, Format Version 12.00
# Visual Studio Version 16
VisualStudioVersion = 16.0.31025.194
MinimumVisualStudioVersion = 10.0.40219.1
Project("{FAE04EC0-301F-11D3-BF4B-00C04F79EFBC}") = "Inventarios.API", "Inventarios.API\Inventarios.API.csproj", "{DE44102B-D61A-4E37-AF16-77F568CB2C0A}"
EndProject
Project("{FAE04EC0-301F-11D3-BF4B-00C04F79EFBC}") = "Inventarios.Dominio", "Inventarios.Dominio\Inventarios.Dominio.csproj", "{2580F79E-2366-4F73-BFB5-7112B191E768}"
EndProject
Project("{FAE04EC0-301F-11D3-BF4B-00C04F79EFBC}") = "Inventarios.Infraestructura", "Inventarios.Infraestructura\Inventarios.Infraestructura.csproj", "{4C81E1AE-A9BC-4CFC-AE34-D5B2099780B5}"
EndProject
Global
	GlobalSection(SolutionConfigurationPlatforms) = preSolution
		Debug|Any CPU = Debug|Any CPU
		Release|Any CPU = Release|Any CPU
	EndGlobalSection
	GlobalSection(ProjectConfigurationPlatforms) = postSolution
		{DE44102B-D61A-4E37-AF16-77F568CB2C0A}.Debug|Any CPU.ActiveCfg = Debug|Any CPU
		{DE44102B-D61A-4E37-AF16-77F568CB2C0A}.Debug|Any CPU.Build.0 = Debug|Any CPU
		{DE44102B-D61A-4E37-AF16-77F568CB2C0A}.Release|Any CPU.ActiveCfg = Release|Any CPU
		{DE44102B-D61A-4E37-AF16-77F568CB2C0A}.Release|Any CPU.Build.0 = Release|Any CPU
		{2580F79E-2366-4F73-BFB5-7112B191E768}.Debug|Any CPU.ActiveCfg = Debug|Any CPU
		{2580F79E-2366-4F73-BFB5-7112B191E768}.Debug|Any CPU.Build.0 = Debug|Any CPU
		{2580F79E-2366-4F73-BFB5-7112B191E768}.Release|Any CPU.ActiveCfg = Release|Any CPU
		{2580F79E-2366-4F73-BFB5-7112B191E768}.Release|Any CPU.Build.0 = Release|Any CPU
		{4C81E1AE-A9BC-4CFC-AE34-D5B2099780B5}.Debug|Any CPU.ActiveCfg = Debug|Any CPU
		{4C81E1AE-A9BC-4CFC-AE34-D5B2099780B5}.Debug|Any CPU.Build.0 = Debug|Any CPU
		{4C81E1AE-A9BC-4CFC-AE34-D5B2099780B5}.Release|Any CPU.ActiveCfg = Release|Any CPU
		{4C81E1AE-A9BC-4CFC-AE34-D5B2099780B5}.Release|Any CPU.Build.0 = Release|Any CPU
	EndGlobalSection
	GlobalSection(SolutionProperties) = preSolution
		HideSolutionNode = FALSE
	EndGlobalSection
	GlobalSection(ExtensibilityGlobals) = postSolution
		SolutionGuid = {1C603839-33FE-4307-BB35-9F9117817F9F}
	EndGlobalSection
EndGlobal
